# This file is generated by TLang. Do not edit.
lock-version = 1
manifest-sha256 = "6b3e8bdf74b57cf8cc4a2339220aba25636fdc9e1366b2bd00714a6f53cd64b2"
graph-sha256 = "d1d5d1d5d501e47b12513224881b9e6a00200deb4545e1c3b268101ce2fb5800"

[[package]]
name = "greeting"
source = "path"
path = "../greeting"
content-sha256 = "3f60ffa710b5c5c03d61aeae5a4b4ba6a12ffdb28166bcd10781a5d467d86342"
dependencies = []
